# THIS IS AN AUTOGENERATED FILE. DO NOT EDIT THIS FILE DIRECTLY.
# yarn lockfile v1


"@cspotcode/source-map-support@^0.8.0":
  version "0.8.1"
  resolved "https://registry.npmjs.org/@cspotcode/source-map-support/-/source-map-support-0.8.1.tgz"
  integrity sha512-IchNf6dN4tHoMFIn/7OE8LWZ19Y6q/67Bmf6vnGREv8RSbBVb9LPJxEcnwrcwX6ixSvaiGoomAUvu4YSxXrVgw==
  dependencies:
    "@jridgewell/trace-mapping" "0.3.9"

"@jridgewell/resolve-uri@^3.0.3":
  version "3.1.0"
  resolved "https://registry.npmjs.org/@jridgewell/resolve-uri/-/resolve-uri-3.1.0.tgz"
  integrity sha512-F2msla3tad+Mfht5cJq7LSXcdudKTWCVYUgw6pLFOOHSTtZlj6SWNYAp+AhuqLmWdBO2X5hPrLcu8cVP8fy28w==

"@jridgewell/sourcemap-codec@^1.4.10":
  version "1.4.14"
  resolved "https://registry.npmjs.org/@jridgewell/sourcemap-codec/-/sourcemap-codec-1.4.14.tgz"
  integrity sha512-XPSJHWmi394fuUuzDnGz1wiKqWfo1yXecHQMRf2l6hztTO+nPru658AyDngaBe7isIxEkRsPR3FZh+s7iVa4Uw==

"@jridgewell/trace-mapping@0.3.9":
  version "0.3.9"
  resolved "https://registry.npmjs.org/@jridgewell/trace-mapping/-/trace-mapping-0.3.9.tgz"
  integrity sha512-3Belt6tdc8bPgAtbcmdtNJlirVoTmEb5e2gC94PnkwEW9jI6CAHUeoG85tjWP5WquqfavoMtMwiG4P926ZKKuQ==
  dependencies:
    "@jridgewell/resolve-uri" "^3.0.3"
    "@jridgewell/sourcemap-codec" "^1.4.10"

"@tsconfig/node10@^1.0.7":
  version "1.0.9"
  resolved "https://registry.npmjs.org/@tsconfig/node10/-/node10-1.0.9.tgz"
  integrity sha512-jNsYVVxU8v5g43Erja32laIDHXeoNvFEpX33OK4d6hljo3jDhCBDhx5dhCCTMWUojscpAagGiRkBKxpdl9fxqA==

"@tsconfig/node12@^1.0.7":
  version "1.0.11"
  resolved "https://registry.npmjs.org/@tsconfig/node12/-/node12-1.0.11.tgz"
  integrity sha512-cqefuRsh12pWyGsIoBKJA9luFu3mRxCA+ORZvA4ktLSzIuCUtWVxGIuXigEwO5/ywWFMZ2QEGKWvkZG1zDMTag==

"@tsconfig/node14@^1.0.0":
  version "1.0.3"
  resolved "https://registry.npmjs.org/@tsconfig/node14/-/node14-1.0.3.tgz"
  integrity sha512-ysT8mhdixWK6Hw3i1V2AeRqZ5WfXg1G43mqoYlM2nc6388Fq5jcXyr5mRsqViLx/GJYdoL0bfXD8nmF+Zn/Iow==

"@tsconfig/node16@^1.0.2":
  version "1.0.3"
  resolved "https://registry.npmjs.org/@tsconfig/node16/-/node16-1.0.3.tgz"
  integrity sha512-yOlFc+7UtL/89t2ZhjPvvB/DeAr3r+Dq58IgzsFkOAvVC6NMJXmCGjbptdXdR9qsX7pKcTL+s87FtYREi2dEEQ==

"@types/fs-extra@^9.0.13":
  version "9.0.13"
  resolved "https://registry.yarnpkg.com/@types/fs-extra/-/fs-extra-9.0.13.tgz#7594fbae04fe7f1918ce8b3d213f74ff44ac1f45"
  integrity sha512-nEnwB++1u5lVDM2UI4c1+5R+FYaKfaAzS4OococimjVm3nQw3TuzH5UNsocrcTBbhnerblyHj4A49qXbIiZdpA==
  dependencies:
    "@types/node" "*"

"@types/node@*", "@types/node@^18.7.14":
  version "18.7.14"
  resolved "https://registry.yarnpkg.com/@types/node/-/node-18.7.14.tgz#0fe081752a3333392d00586d815485a17c2cf3c9"
  integrity sha512-6bbDaETVi8oyIARulOE9qF1/Qdi/23z6emrUh0fNJRUmjznqrixD4MpGDdgOFk5Xb0m2H6Xu42JGdvAxaJR/wA==

"@types/uuid@8.3.4":
  version "8.3.4"
  resolved "https://registry.yarnpkg.com/@types/uuid/-/uuid-8.3.4.tgz#bd86a43617df0594787d38b735f55c805becf1bc"
  integrity sha512-c/I8ZRb51j+pYGAu5CrFMRxqZ2ke4y2grEBO5AUjgSkSk+qT2Ea+OdWElz/OiMf5MNpn2b17kuVBwZLQJXzihw==

acorn-walk@^8.1.1:
  version "8.2.0"
  resolved "https://registry.npmjs.org/acorn-walk/-/acorn-walk-8.2.0.tgz"
  integrity sha512-k+iyHEuPgSw6SbuDpGQM+06HQUa04DZ3o+F6CSzXMvvI5KMvnaEqXe+YVe555R9nn6GPt404fos4wcgpw12SDA==

acorn@^8.4.1:
  version "8.8.0"
  resolved "https://registry.npmjs.org/acorn/-/acorn-8.8.0.tgz"
  integrity sha512-QOxyigPVrpZ2GXT+PFyZTl6TtOFc5egxHIP9IlQ+RbupQuX4RkT/Bee4/kQuC02Xkzg84JcT7oLYtDIQxp+v7w==

add@^2.0.6:
  version "2.0.6"
  resolved "https://registry.yarnpkg.com/add/-/add-2.0.6.tgz#248f0a9f6e5a528ef2295dbeec30532130ae2235"
  integrity sha512-j5QzrmsokwWWp6kUcJQySpbG+xfOBqqKnup3OIk1pz+kB/80SLorZ9V8zHFLO92Lcd+hbvq8bT+zOGoPkmBV0Q==

arg@^4.1.0:
  version "4.1.3"
  resolved "https://registry.npmjs.org/arg/-/arg-4.1.3.tgz"
  integrity sha512-58S9QDqG0Xx27YwPSt9fJxivjYl432YCwfDMfZ+71RAqUrZef7LrKQZ3LHLOwCS4FLNBplP533Zx895SeOCHvA==

commander@7:
  version "7.2.0"
  resolved "https://registry.npmjs.org/commander/-/commander-7.2.0.tgz"
  integrity sha512-QrWXB+ZQSVPmIWIhtEO9H+gwHaMGYiF5ChvoJ+K9ZGHG/sVsa6yiesAD1GC/x46sET00Xlwo1u49RVVVzvcSkw==

create-require@^1.1.0:
  version "1.1.1"
  resolved "https://registry.npmjs.org/create-require/-/create-require-1.1.1.tgz"
  integrity sha512-dcKFX3jn0MpIaXjisoRvexIJVEKzaq7z2rZKxf+MSr9TkdmHmsU4m2lcLojrj/FHl8mk5VxMmYA+ftRkP/3oKQ==

"d3-array@2 - 3", "d3-array@2.10.0 - 3", "d3-array@2.5.0 - 3", d3-array@3, d3-array@^3.2.0:
  version "3.2.0"
  resolved "https://registry.npmjs.org/d3-array/-/d3-array-3.2.0.tgz"
  integrity sha512-3yXFQo0oG3QCxbF06rMPFyGRMGJNS7NvsV1+2joOjbBE+9xvWQ8+GcMJAjRCzw06zQ3/arXeJgbPYcjUCuC+3g==
  dependencies:
    internmap "1 - 2"

d3-axis@3:
  version "3.0.0"
  resolved "https://registry.npmjs.org/d3-axis/-/d3-axis-3.0.0.tgz"
  integrity sha512-IH5tgjV4jE/GhHkRV0HiVYPDtvfjHQlQfJHs0usq7M30XcSBvOotpmH1IgkcXsO/5gEQZD43B//fc7SRT5S+xw==

d3-brush@3:
  version "3.0.0"
  resolved "https://registry.npmjs.org/d3-brush/-/d3-brush-3.0.0.tgz"
  integrity sha512-ALnjWlVYkXsVIGlOsuWH1+3udkYFI48Ljihfnh8FZPF2QS9o+PzGLBslO0PjzVoHLZ2KCVgAM8NVkXPJB2aNnQ==
  dependencies:
    d3-dispatch "1 - 3"
    d3-drag "2 - 3"
    d3-interpolate "1 - 3"
    d3-selection "3"
    d3-transition "3"

d3-chord@3:
  version "3.0.1"
  resolved "https://registry.npmjs.org/d3-chord/-/d3-chord-3.0.1.tgz"
  integrity sha512-VE5S6TNa+j8msksl7HwjxMHDM2yNK3XCkusIlpX5kwauBfXuyLAtNg9jCp/iHH61tgI4sb6R/EIMWCqEIdjT/g==
  dependencies:
    d3-path "1 - 3"

"d3-color@1 - 3", d3-color@3:
  version "3.1.0"
  resolved "https://registry.npmjs.org/d3-color/-/d3-color-3.1.0.tgz"
  integrity sha512-zg/chbXyeBtMQ1LbD/WSoW2DpC3I0mpmPdW+ynRTj/x2DAWYrIY7qeZIHidozwV24m4iavr15lNwIwLxRmOxhA==

d3-contour@4:
  version "4.0.0"
  resolved "https://registry.npmjs.org/d3-contour/-/d3-contour-4.0.0.tgz"
  integrity sha512-7aQo0QHUTu/Ko3cP9YK9yUTxtoDEiDGwnBHyLxG5M4vqlBkO/uixMRele3nfsfj6UXOcuReVpVXzAboGraYIJw==
  dependencies:
    d3-array "^3.2.0"

d3-delaunay@6:
  version "6.0.2"
  resolved "https://registry.npmjs.org/d3-delaunay/-/d3-delaunay-6.0.2.tgz"
  integrity sha512-IMLNldruDQScrcfT+MWnazhHbDJhcRJyOEBAJfwQnHle1RPh6WDuLvxNArUju2VSMSUuKlY5BGHRJ2cYyoFLQQ==
  dependencies:
    delaunator "5"

"d3-dispatch@1 - 3", d3-dispatch@3:
  version "3.0.1"
  resolved "https://registry.npmjs.org/d3-dispatch/-/d3-dispatch-3.0.1.tgz"
  integrity sha512-rzUyPU/S7rwUflMyLc1ETDeBj0NRuHKKAcvukozwhshr6g6c5d8zh4c2gQjY2bZ0dXeGLWc1PF174P2tVvKhfg==

"d3-drag@2 - 3", d3-drag@3:
  version "3.0.0"
  resolved "https://registry.npmjs.org/d3-drag/-/d3-drag-3.0.0.tgz"
  integrity sha512-pWbUJLdETVA8lQNJecMxoXfH6x+mO2UQo8rSmZ+QqxcbyA3hfeprFgIT//HW2nlHChWeIIMwS2Fq+gEARkhTkg==
  dependencies:
    d3-dispatch "1 - 3"
    d3-selection "3"

"d3-dsv@1 - 3", d3-dsv@3:
  version "3.0.1"
  resolved "https://registry.npmjs.org/d3-dsv/-/d3-dsv-3.0.1.tgz"
  integrity sha512-UG6OvdI5afDIFP9w4G0mNq50dSOsXHJaRE8arAS5o9ApWnIElp8GZw1Dun8vP8OyHOZ/QJUKUJwxiiCCnUwm+Q==
  dependencies:
    commander "7"
    iconv-lite "0.6"
    rw "1"

"d3-ease@1 - 3", d3-ease@3:
  version "3.0.1"
  resolved "https://registry.npmjs.org/d3-ease/-/d3-ease-3.0.1.tgz"
  integrity sha512-wR/XK3D3XcLIZwpbvQwQ5fK+8Ykds1ip7A2Txe0yxncXSdq1L9skcG7blcedkOX+ZcgxGAmLX1FrRGbADwzi0w==

d3-fetch@3:
  version "3.0.1"
  resolved "https://registry.npmjs.org/d3-fetch/-/d3-fetch-3.0.1.tgz"
  integrity sha512-kpkQIM20n3oLVBKGg6oHrUchHM3xODkTzjMoj7aWQFq5QEM+R6E4WkzT5+tojDY7yjez8KgCBRoj4aEr99Fdqw==
  dependencies:
    d3-dsv "1 - 3"

d3-force@3:
  version "3.0.0"
  resolved "https://registry.npmjs.org/d3-force/-/d3-force-3.0.0.tgz"
  integrity sha512-zxV/SsA+U4yte8051P4ECydjD/S+qeYtnaIyAs9tgHCqfguma/aAQDjo85A9Z6EKhBirHRJHXIgJUlffT4wdLg==
  dependencies:
    d3-dispatch "1 - 3"
    d3-quadtree "1 - 3"
    d3-timer "1 - 3"

"d3-format@1 - 3", d3-format@3:
  version "3.1.0"
  resolved "https://registry.npmjs.org/d3-format/-/d3-format-3.1.0.tgz"
  integrity sha512-YyUI6AEuY/Wpt8KWLgZHsIU86atmikuoOmCfommt0LYHiQSPjvX2AcFc38PX0CBpr2RCyZhjex+NS/LPOv6YqA==

d3-geo@3:
  version "3.0.1"
  resolved "https://registry.npmjs.org/d3-geo/-/d3-geo-3.0.1.tgz"
  integrity sha512-Wt23xBych5tSy9IYAM1FR2rWIBFWa52B/oF/GYe5zbdHrg08FU8+BuI6X4PvTwPDdqdAdq04fuWJpELtsaEjeA==
  dependencies:
    d3-array "2.5.0 - 3"

d3-hierarchy@3, d3-hierarchy@^3.1.2:
  version "3.1.2"
  resolved "https://registry.npmjs.org/d3-hierarchy/-/d3-hierarchy-3.1.2.tgz"
  integrity sha512-FX/9frcub54beBdugHjDCdikxThEqjnR93Qt7PvQTOHxyiNCAlvMrHhclk3cD5VeAaq9fxmfRp+CnWw9rEMBuA==

"d3-interpolate@1 - 3", "d3-interpolate@1.2.0 - 3", d3-interpolate@3:
  version "3.0.1"
  resolved "https://registry.npmjs.org/d3-interpolate/-/d3-interpolate-3.0.1.tgz"
  integrity sha512-3bYs1rOD33uo8aqJfKP3JWPAibgw8Zm2+L9vBKEHJ2Rg+viTR7o5Mmv5mZcieN+FRYaAOWX5SJATX6k1PWz72g==
  dependencies:
    d3-color "1 - 3"

"d3-path@1 - 3", d3-path@3:
  version "3.0.1"
  resolved "https://registry.npmjs.org/d3-path/-/d3-path-3.0.1.tgz"
  integrity sha512-gq6gZom9AFZby0YLduxT1qmrp4xpBA1YZr19OI717WIdKE2OM5ETq5qrHLb301IgxhLwcuxvGZVLeeWc/k1I6w==

d3-polygon@3:
  version "3.0.1"
  resolved "https://registry.npmjs.org/d3-polygon/-/d3-polygon-3.0.1.tgz"
  integrity sha512-3vbA7vXYwfe1SYhED++fPUQlWSYTTGmFmQiany/gdbiWgU/iEyQzyymwL9SkJjFFuCS4902BSzewVGsHHmHtXg==

"d3-quadtree@1 - 3", d3-quadtree@3:
  version "3.0.1"
  resolved "https://registry.npmjs.org/d3-quadtree/-/d3-quadtree-3.0.1.tgz"
  integrity sha512-04xDrxQTDTCFwP5H6hRhsRcb9xxv2RzkcsygFzmkSIOJy3PeRJP7sNk3VRIbKXcog561P9oU0/rVH6vDROAgUw==

d3-random@3:
  version "3.0.1"
  resolved "https://registry.npmjs.org/d3-random/-/d3-random-3.0.1.tgz"
  integrity sha512-FXMe9GfxTxqd5D6jFsQ+DJ8BJS4E/fT5mqqdjovykEB2oFbTMDVdg1MGFxfQW+FBOGoB++k8swBrgwSHT1cUXQ==

d3-scale-chromatic@3:
  version "3.0.0"
  resolved "https://registry.npmjs.org/d3-scale-chromatic/-/d3-scale-chromatic-3.0.0.tgz"
  integrity sha512-Lx9thtxAKrO2Pq6OO2Ua474opeziKr279P/TKZsMAhYyNDD3EnCffdbgeSYN5O7m2ByQsxtuP2CSDczNUIZ22g==
  dependencies:
    d3-color "1 - 3"
    d3-interpolate "1 - 3"

d3-scale@4:
  version "4.0.2"
  resolved "https://registry.npmjs.org/d3-scale/-/d3-scale-4.0.2.tgz"
  integrity sha512-GZW464g1SH7ag3Y7hXjf8RoUuAFIqklOAq3MRl4OaWabTFJY9PN/E1YklhXLh+OQ3fM9yS2nOkCoS+WLZ6kvxQ==
  dependencies:
    d3-array "2.10.0 - 3"
    d3-format "1 - 3"
    d3-interpolate "1.2.0 - 3"
    d3-time "2.1.1 - 3"
    d3-time-format "2 - 4"

"d3-selection@2 - 3", d3-selection@3:
  version "3.0.0"
  resolved "https://registry.npmjs.org/d3-selection/-/d3-selection-3.0.0.tgz"
  integrity sha512-fmTRWbNMmsmWq6xJV8D19U/gw/bwrHfNXxrIN+HfZgnzqTHp9jOmKMhsTUjXOJnZOdZY9Q28y4yebKzqDKlxlQ==

d3-shape@3:
  version "3.1.0"
  resolved "https://registry.npmjs.org/d3-shape/-/d3-shape-3.1.0.tgz"
  integrity sha512-tGDh1Muf8kWjEDT/LswZJ8WF85yDZLvVJpYU9Nq+8+yW1Z5enxrmXOhTArlkaElU+CTn0OTVNli+/i+HP45QEQ==
  dependencies:
    d3-path "1 - 3"

"d3-time-format@2 - 4", d3-time-format@4:
  version "4.1.0"
  resolved "https://registry.npmjs.org/d3-time-format/-/d3-time-format-4.1.0.tgz"
  integrity sha512-dJxPBlzC7NugB2PDLwo9Q8JiTR3M3e4/XANkreKSUxF8vvXKqm1Yfq4Q5dl8budlunRVlUUaDUgFt7eA8D6NLg==
  dependencies:
    d3-time "1 - 3"

"d3-time@1 - 3", "d3-time@2.1.1 - 3", d3-time@3:
  version "3.0.0"
  resolved "https://registry.npmjs.org/d3-time/-/d3-time-3.0.0.tgz"
  integrity sha512-zmV3lRnlaLI08y9IMRXSDshQb5Nj77smnfpnd2LrBa/2K281Jijactokeak14QacHs/kKq0AQ121nidNYlarbQ==
  dependencies:
    d3-array "2 - 3"

"d3-timer@1 - 3", d3-timer@3:
  version "3.0.1"
  resolved "https://registry.npmjs.org/d3-timer/-/d3-timer-3.0.1.tgz"
  integrity sha512-ndfJ/JxxMd3nw31uyKoY2naivF+r29V+Lc0svZxe1JvvIRmi8hUsrMvdOwgS1o6uBHmiz91geQ0ylPP0aj1VUA==

"d3-transition@2 - 3", d3-transition@3:
  version "3.0.1"
  resolved "https://registry.npmjs.org/d3-transition/-/d3-transition-3.0.1.tgz"
  integrity sha512-ApKvfjsSR6tg06xrL434C0WydLr7JewBB3V+/39RMHsaXTOG0zmt/OAXeng5M5LBm0ojmxJrpomQVZ1aPvBL4w==
  dependencies:
    d3-color "1 - 3"
    d3-dispatch "1 - 3"
    d3-ease "1 - 3"
    d3-interpolate "1 - 3"
    d3-timer "1 - 3"

d3-zoom@3:
  version "3.0.0"
  resolved "https://registry.npmjs.org/d3-zoom/-/d3-zoom-3.0.0.tgz"
  integrity sha512-b8AmV3kfQaqWAuacbPuNbL6vahnOJflOhexLzMMNLga62+/nh0JzvJ0aO/5a5MVgUFGS7Hu1P9P03o3fJkDCyw==
  dependencies:
    d3-dispatch "1 - 3"
    d3-drag "2 - 3"
    d3-interpolate "1 - 3"
    d3-selection "2 - 3"
    d3-transition "2 - 3"

d3@^7.6.1:
  version "7.6.1"
  resolved "https://registry.npmjs.org/d3/-/d3-7.6.1.tgz"
  integrity sha512-txMTdIHFbcpLx+8a0IFhZsbp+PfBBPt8yfbmukZTQFroKuFqIwqswF0qE5JXWefylaAVpSXFoKm3yP+jpNLFLw==
  dependencies:
    d3-array "3"
    d3-axis "3"
    d3-brush "3"
    d3-chord "3"
    d3-color "3"
    d3-contour "4"
    d3-delaunay "6"
    d3-dispatch "3"
    d3-drag "3"
    d3-dsv "3"
    d3-ease "3"
    d3-fetch "3"
    d3-force "3"
    d3-format "3"
    d3-geo "3"
    d3-hierarchy "3"
    d3-interpolate "3"
    d3-path "3"
    d3-polygon "3"
    d3-quadtree "3"
    d3-random "3"
    d3-scale "4"
    d3-scale-chromatic "3"
    d3-selection "3"
    d3-shape "3"
    d3-time "3"
    d3-time-format "4"
    d3-timer "3"
    d3-transition "3"
    d3-zoom "3"

delaunator@5:
  version "5.0.0"
  resolved "https://registry.npmjs.org/delaunator/-/delaunator-5.0.0.tgz"
  integrity sha512-AyLvtyJdbv/U1GkiS6gUUzclRoAY4Gs75qkMygJJhU75LW4DNuSF2RMzpxs9jw9Oz1BobHjTdkG3zdP55VxAqw==
  dependencies:
    robust-predicates "^3.0.0"

diff@^4.0.1:
  version "4.0.2"
  resolved "https://registry.npmjs.org/diff/-/diff-4.0.2.tgz"
  integrity sha512-58lmxKSA4BNyLz+HHMUzlOEpg09FV+ev6ZMe3vJihgdxzgcwZ8VoEEPmALCZG9LmqfVoNMMKpttIYTVG6uDY7A==

fs-extra@^10.1.0:
  version "10.1.0"
  resolved "https://registry.yarnpkg.com/fs-extra/-/fs-extra-10.1.0.tgz#02873cfbc4084dde127eaa5f9905eef2325d1abf"
  integrity sha512-oRXApq54ETRj4eMiFzGnHWGy+zo5raudjuxN0b8H7s/RU2oW0Wvsx9O0ACRN/kRq9E8Vu/ReskGB5o3ji+FzHQ==
  dependencies:
    graceful-fs "^4.2.0"
    jsonfile "^6.0.1"
    universalify "^2.0.0"

graceful-fs@^4.1.6, graceful-fs@^4.2.0:
  version "4.2.10"
  resolved "https://registry.yarnpkg.com/graceful-fs/-/graceful-fs-4.2.10.tgz#147d3a006da4ca3ce14728c7aefc287c367d7a6c"
  integrity sha512-9ByhssR2fPVsNZj478qUUbKfmL0+t5BDVyjShtyZZLiK7ZDAArFFfopyOTj0M05wE2tJPisA4iTnnXl2YoPvOA==

iconv-lite@0.6:
  version "0.6.3"
  resolved "https://registry.npmjs.org/iconv-lite/-/iconv-lite-0.6.3.tgz"
  integrity sha512-4fCk79wshMdzMp2rH06qWrJE4iolqLhCUH+OiuIgU++RB0+94NlDL81atO7GX55uUKueo0txHNtvEyI6D7WdMw==
  dependencies:
    safer-buffer ">= 2.1.2 < 3.0.0"

"internmap@1 - 2":
  version "2.0.3"
  resolved "https://registry.npmjs.org/internmap/-/internmap-2.0.3.tgz"
  integrity sha512-5Hh7Y1wQbvY5ooGgPbDaL5iYLAPzMTUrjMulskHLH6wnv/A+1q5rgEaiuqEjB+oxGXIVZs1FF+R/KPN3ZSQYYg==

jsonfile@^6.0.1:
  version "6.1.0"
  resolved "https://registry.yarnpkg.com/jsonfile/-/jsonfile-6.1.0.tgz#bc55b2634793c679ec6403094eb13698a6ec0aae"
  integrity sha512-5dgndWOriYSm5cnYaJNhalLNDKOqFwyDB/rr1E9ZsGciGvKPs8R2xYGCacuf3z6K1YKDz182fd+fY3cn3pMqXQ==
  dependencies:
    universalify "^2.0.0"
  optionalDependencies:
    graceful-fs "^4.1.6"

make-error@^1.1.1:
  version "1.3.6"
  resolved "https://registry.npmjs.org/make-error/-/make-error-1.3.6.tgz"
  integrity sha512-s8UhlNe7vPKomQhC1qFelMokr/Sc3AgNbso3n74mVPA5LTZwkB9NlXf4XPamLxJE8h0gh73rM94xvwRT2CVInw==

robust-predicates@^3.0.0:
  version "3.0.1"
  resolved "https://registry.npmjs.org/robust-predicates/-/robust-predicates-3.0.1.tgz"
  integrity sha512-ndEIpszUHiG4HtDsQLeIuMvRsDnn8c8rYStabochtUeCvfuvNptb5TUbVD68LRAILPX7p9nqQGh4xJgn3EHS/g==

rw@1:
  version "1.3.3"
  resolved "https://registry.npmjs.org/rw/-/rw-1.3.3.tgz"
  integrity sha512-PdhdWy89SiZogBLaw42zdeqtRJ//zFd2PgQavcICDUgJT5oW10QCRKbJ6bg4r0/UY2M6BWd5tkxuGFRvCkgfHQ==

"safer-buffer@>= 2.1.2 < 3.0.0":
  version "2.1.2"
  resolved "https://registry.npmjs.org/safer-buffer/-/safer-buffer-2.1.2.tgz"
  integrity sha512-YZo3K82SD7Riyi0E1EQPojLz7kpepnSQI9IyPbHHg1XXXevb5dJI7tpyN2ADxGcQbHG7vcyRHk0cbwqcQriUtg==

ts-node@^10.9.1:
  version "10.9.1"
  resolved "https://registry.npmjs.org/ts-node/-/ts-node-10.9.1.tgz"
  integrity sha512-NtVysVPkxxrwFGUUxGYhfux8k78pQB3JqYBXlLRZgdGUqTO5wU/UyHop5p70iEbGhB7q5KmiZiU0Y3KlJrScEw==
  dependencies:
    "@cspotcode/source-map-support" "^0.8.0"
    "@tsconfig/node10" "^1.0.7"
    "@tsconfig/node12" "^1.0.7"
    "@tsconfig/node14" "^1.0.0"
    "@tsconfig/node16" "^1.0.2"
    acorn "^8.4.1"
    acorn-walk "^8.1.1"
    arg "^4.1.0"
    create-require "^1.1.0"
    diff "^4.0.1"
    make-error "^1.1.1"
    v8-compile-cache-lib "^3.0.1"
    yn "3.1.1"

tsc@^2.0.4:
  version "2.0.4"
  resolved "https://registry.npmjs.org/tsc/-/tsc-2.0.4.tgz"
  integrity sha512-fzoSieZI5KKJVBYGvwbVZs/J5za84f2lSTLPYf6AGiIf43tZ3GNrI1QzTLcjtyDDP4aLxd46RTZq1nQxe7+k5Q==

typescript@^4.8.2:
  version "4.8.2"
  resolved "https://registry.npmjs.org/typescript/-/typescript-4.8.2.tgz"
  integrity sha512-C0I1UsrrDHo2fYI5oaCGbSejwX4ch+9Y5jTQELvovfmFkK3HHSZJB8MSJcWLmCUBzQBchCrZ9rMRV6GuNrvGtw==

universalify@^2.0.0:
  version "2.0.0"
  resolved "https://registry.yarnpkg.com/universalify/-/universalify-2.0.0.tgz#75a4984efedc4b08975c5aeb73f530d02df25717"
  integrity sha512-hAZsKq7Yy11Zu1DE0OzWjw7nnLZmJZYTDZZyEFHZdUhV8FkH5MCfoU1XMaxXovpyW5nq5scPqq0ZDP9Zyl04oQ==

uuid@8.3.2:
  version "8.3.2"
  resolved "https://registry.yarnpkg.com/uuid/-/uuid-8.3.2.tgz#80d5b5ced271bb9af6c445f21a1a04c606cefbe2"
  integrity sha512-+NYs2QeMWy+GWFOEm9xnn6HCDp0l7QBD7ml8zLUmJ+93Q5NF0NocErnwkTkXVFNiX3/fpC6afS8Dhb/gz7R7eg==

uuidv4@^6.2.13:
  version "6.2.13"
  resolved "https://registry.yarnpkg.com/uuidv4/-/uuidv4-6.2.13.tgz#8f95ec5ef22d1f92c8e5d4c70b735d1c89572cb7"
  integrity sha512-AXyzMjazYB3ovL3q051VLH06Ixj//Knx7QnUSi1T//Ie3io6CpsPu9nVMOx5MoLWh6xV0B9J0hIaxungxXUbPQ==
  dependencies:
    "@types/uuid" "8.3.4"
    uuid "8.3.2"

v8-compile-cache-lib@^3.0.1:
  version "3.0.1"
  resolved "https://registry.npmjs.org/v8-compile-cache-lib/-/v8-compile-cache-lib-3.0.1.tgz"
  integrity sha512-wa7YjyUGfNZngI/vtK0UHAN+lgDCxBPCylVXGp0zu59Fz5aiGtNXaq3DhIov063MorB+VfufLh3JlF2KdTK3xg==

yarn@^1.22.19:
  version "1.22.19"
  resolved "https://registry.yarnpkg.com/yarn/-/yarn-1.22.19.tgz#4ba7fc5c6e704fce2066ecbfb0b0d8976fe62447"
  integrity sha512-/0V5q0WbslqnwP91tirOvldvYISzaqhClxzyUKXYxs07yUILIs5jx/k6CFe8bvKSkds5w+eiOqta39Wk3WxdcQ==

yn@3.1.1:
  version "3.1.1"
  resolved "https://registry.npmjs.org/yn/-/yn-3.1.1.tgz"
  integrity sha512-Ux4ygGWsu2c7isFWe8Yu1YluJmqVhxqK2cLXNQA5AcC3QfbGNpM7fu0Y8b/z16pXLnFxZYvWhd3fhBY9DLmC6Q==
